
Microsoft Visual Studio Solution File, Format Version 12.00
# Visual Studio Version 16
VisualStudioVersion = 16.0.30011.22
MinimumVisualStudioVersion = 10.0.40219.1
Project("{FAE04EC0-301F-11D3-BF4B-00C04F79EFBC}") = "web", "web\web.csproj", "{80F61635-CC3C-49EB-BAB5-FAB84E51CED4}"
EndProject
Project("{FAE04EC0-301F-11D3-BF4B-00C04F79EFBC}") = "Core", "Core\Core.csproj", "{45DC6D69-78E6-494F-B790-35C107BD6F75}"
EndProject
Project("{FAE04EC0-301F-11D3-BF4B-00C04F79EFBC}") = "Infrastructure", "Infrastructure\Infrastructure.csproj", "{3D533343-AFCF-4C89-9DE8-72E7165AE720}"
EndProject
Global
	GlobalSection(SolutionConfigurationPlatforms) = preSolution
		Debug|Any CPU = Debug|Any CPU
		Release|Any CPU = Release|Any CPU
	EndGlobalSection
	GlobalSection(ProjectConfigurationPlatforms) = postSolution
		{80F61635-CC3C-49EB-BAB5-FAB84E51CED4}.Debug|Any CPU.ActiveCfg = Debug|Any CPU
		{80F61635-CC3C-49EB-BAB5-FAB84E51CED4}.Debug|Any CPU.Build.0 = Debug|Any CPU
		{80F61635-CC3C-49EB-BAB5-FAB84E51CED4}.Release|Any CPU.ActiveCfg = Release|Any CPU
		{80F61635-CC3C-49EB-BAB5-FAB84E51CED4}.Release|Any CPU.Build.0 = Release|Any CPU
		{45DC6D69-78E6-494F-B790-35C107BD6F75}.Debug|Any CPU.ActiveCfg = Debug|Any CPU
		{45DC6D69-78E6-494F-B790-35C107BD6F75}.Debug|Any CPU.Build.0 = Debug|Any CPU
		{45DC6D69-78E6-494F-B790-35C107BD6F75}.Release|Any CPU.ActiveCfg = Release|Any CPU
		{45DC6D69-78E6-494F-B790-35C107BD6F75}.Release|Any CPU.Build.0 = Release|Any CPU
		{3D533343-AFCF-4C89-9DE8-72E7165AE720}.Debug|Any CPU.ActiveCfg = Debug|Any CPU
		{3D533343-AFCF-4C89-9DE8-72E7165AE720}.Debug|Any CPU.Build.0 = Debug|Any CPU
		{3D533343-AFCF-4C89-9DE8-72E7165AE720}.Release|Any CPU.ActiveCfg = Release|Any CPU
		{3D533343-AFCF-4C89-9DE8-72E7165AE720}.Release|Any CPU.Build.0 = Release|Any CPU
	EndGlobalSection
	GlobalSection(SolutionProperties) = preSolution
		HideSolutionNode = FALSE
	EndGlobalSection
	GlobalSection(ExtensibilityGlobals) = postSolution
		SolutionGuid = {285B035A-2149-4010-A2B5-17FBE83689DB}
	EndGlobalSection
EndGlobal
